blender_render_path: /home/andrea/Desktop/Thesis_project/blender_render/obj_000016.ply
cam2Pos_path: /home/andrea/Desktop/Thesis_project/config/obj_000016_cam2Pos.yaml
image_path: /home/andrea/Desktop/Thesis_project/Inputs/000201.jpg
mask_path: /home/andrea/Desktop/Thesis_project/Segmented/mask
model_path: /home/andrea/Desktop/Thesis_project/Models
obj_id: 16
scale_path: /home/andrea/Desktop/Thesis_project/config/obj_000016_scale.yaml
segmentation_path: /home/andrea/Desktop/Thesis_project/Segmented/rgb
text_prompt: wood block
